# THIS IS AN AUTOGENERATED FILE. DO NOT EDIT THIS FILE DIRECTLY.
# yarn lockfile v1


"@azure/msal-browser@^2.23.0":
  version "2.23.0"
  resolved "https://registry.yarnpkg.com/@azure/msal-browser/-/msal-browser-2.23.0.tgz#24fc58e9d1314833b09d3f52ba4e53f526cfe0de"
  integrity sha512-qxyWmsP/pf+xJFEhMgiJ0r1v6TjF+x8iMWYU5R63Lb/fjQfKalaNX9f5D6GbJYJS5s9OF3abtdGtB/Lxea15mQ==
  dependencies:
    "@azure/msal-common" "^6.2.0"

"@azure/msal-common@^6.2.0":
  version "6.2.0"
  resolved "https://registry.yarnpkg.com/@azure/msal-common/-/msal-common-6.2.0.tgz#715fd68df92ed230913d1d725e9f9b09f799a66c"
  integrity sha512-SU2/vfbKn1WvtKM8tsBKZAbmRJvO8E3H773ZT0GGKuO9rwLfxP5qOzTHV5crCEm8DgvL/IppmWh2lsUFieDi1A==

"@tsconfig/recommended@^1.0.1":
  version "1.0.1"
  resolved "https://registry.yarnpkg.com/@tsconfig/recommended/-/recommended-1.0.1.tgz#7619bad397e06ead1c5182926c944e0ca6177f52"
  integrity sha512-2xN+iGTbPBEzGSnVp/Hd64vKJCJWxsi9gfs88x4PPMyEjHJoA3o5BY9r5OLPHIZU2pAQxkSAsJFqn6itClP8mQ==

typescript@^4.6.3:
  version "4.6.3"
  resolved "https://registry.yarnpkg.com/typescript/-/typescript-4.6.3.tgz#eefeafa6afdd31d725584c67a0eaba80f6fc6c6c"
  integrity sha512-yNIatDa5iaofVozS/uQJEl3JRWLKKGJKh6Yaiv0GLGSuhpFJe7P3SbHZ8/yjAHRQwKRoA6YZqlfjXWmVzoVSMw==
